// !$*UTF8*$!
{
	archiveVersion = 1;
	classes = {
	};
	objectVersion = 56;
	objects = {

/* Begin PBXBuildFile section */
		06AF39F629E8313800186BCF /* AppDelegate.swift in Sources */ = {isa = PBXBuildFile; fileRef = 06AF39F529E8313800186BCF /* AppDelegate.swift */; };
		06AF39F829E8313800186BCF /* SceneDelegate.swift in Sources */ = {isa = PBXBuildFile; fileRef = 06AF39F729E8313800186BCF /* SceneDelegate.swift */; };
		06AF39FF29E8313C00186BCF /* Assets.xcassets in Resources */ = {isa = PBXBuildFile; fileRef = 06AF39FE29E8313C00186BCF /* Assets.xcassets */; };
		06AF3A0229E8313C00186BCF /* LaunchScreen.storyboard in Resources */ = {isa = PBXBuildFile; fileRef = 06AF3A0029E8313C00186BCF /* LaunchScreen.storyboard */; };
		06AF3A0B29E8322500186BCF /* Library.swift in Sources */ = {isa = PBXBuildFile; fileRef = 06AF3A0A29E8322500186BCF /* Library.swift */; };
		06AF3A0D29E8388200186BCF /* NetworkManager.swift in Sources */ = {isa = PBXBuildFile; fileRef = 06AF3A0C29E8388200186BCF /* NetworkManager.swift */; };
		06AF3A1129E9684600186BCF /* CoverImageView.swift in Sources */ = {isa = PBXBuildFile; fileRef = 06AF3A1029E9684600186BCF /* CoverImageView.swift */; };
		06AF3A1329E9824B00186BCF /* MainViewController.swift in Sources */ = {isa = PBXBuildFile; fileRef = 06AF3A1229E9824B00186BCF /* MainViewController.swift */; };
		06AF3A1529E9834A00186BCF /* LibraryCell.swift in Sources */ = {isa = PBXBuildFile; fileRef = 06AF3A1429E9834A00186BCF /* LibraryCell.swift */; };
		06AF3A1729E983EB00186BCF /* LibraryCellViewModel.swift in Sources */ = {isa = PBXBuildFile; fileRef = 06AF3A1629E983EB00186BCF /* LibraryCellViewModel.swift */; };
		06AF3A1929E9882700186BCF /* MainViewControllerViewModel.swift in Sources */ = {isa = PBXBuildFile; fileRef = 06AF3A1829E9882700186BCF /* MainViewControllerViewModel.swift */; };
		06AF3A2029E99C9D00186BCF /* DetailsBookViewController.swift in Sources */ = {isa = PBXBuildFile; fileRef = 06AF3A1F29E99C9D00186BCF /* DetailsBookViewController.swift */; };
		06AF3A2229E9A7E100186BCF /* DetailsBookViewControllerViewModel.swift in Sources */ = {isa = PBXBuildFile; fileRef = 06AF3A2129E9A7E100186BCF /* DetailsBookViewControllerViewModel.swift */; };
/* End PBXBuildFile section */

/* Begin PBXFileReference section */
		06AF39F229E8313800186BCF /* LibraryTestTask.app */ = {isa = PBXFileReference; explicitFileType = wrapper.application; includeInIndex = 0; path = LibraryTestTask.app; sourceTree = BUILT_PRODUCTS_DIR; };
		06AF39F529E8313800186BCF /* AppDelegate.swift */ = {isa = PBXFileReference; lastKnownFileType = sourcecode.swift; path = AppDelegate.swift; sourceTree = "<group>"; };
		06AF39F729E8313800186BCF /* SceneDelegate.swift */ = {isa = PBXFileReference; lastKnownFileType = sourcecode.swift; path = SceneDelegate.swift; sourceTree = "<group>"; };
		06AF39FE29E8313C00186BCF /* Assets.xcassets */ = {isa = PBXFileReference; lastKnownFileType = folder.assetcatalog; path = Assets.xcassets; sourceTree = "<group>"; };
		06AF3A0129E8313C00186BCF /* Base */ = {isa = PBXFileReference; lastKnownFileType = file.storyboard; name = Base; path = Base.lproj/LaunchScreen.storyboard; sourceTree = "<group>"; };
		06AF3A0329E8313C00186BCF /* Info.plist */ = {isa = PBXFileReference; lastKnownFileType = text.plist.xml; path = Info.plist; sourceTree = "<group>"; };
		06AF3A0A29E8322500186BCF /* Library.swift */ = {isa = PBXFileReference; lastKnownFileType = sourcecode.swift; path = Library.swift; sourceTree = "<group>"; };
		06AF3A0C29E8388200186BCF /* NetworkManager.swift */ = {isa = PBXFileReference; lastKnownFileType = sourcecode.swift; path = NetworkManager.swift; sourceTree = "<group>"; };
		06AF3A1029E9684600186BCF /* CoverImageView.swift */ = {isa = PBXFileReference; lastKnownFileType = sourcecode.swift; path = CoverImageView.swift; sourceTree = "<group>"; };
		06AF3A1229E9824B00186BCF /* MainViewController.swift */ = {isa = PBXFileReference; lastKnownFileType = sourcecode.swift; path = MainViewController.swift; sourceTree = "<group>"; };
		06AF3A1429E9834A00186BCF /* LibraryCell.swift */ = {isa = PBXFileReference; lastKnownFileType = sourcecode.swift; path = LibraryCell.swift; sourceTree = "<group>"; };
		06AF3A1629E983EB00186BCF /* LibraryCellViewModel.swift */ = {isa = PBXFileReference; lastKnownFileType = sourcecode.swift; path = LibraryCellViewModel.swift; sourceTree = "<group>"; };
		06AF3A1829E9882700186BCF /* MainViewControllerViewModel.swift */ = {isa = PBXFileReference; lastKnownFileType = sourcecode.swift; path = MainViewControllerViewModel.swift; sourceTree = "<group>"; };
		06AF3A1F29E99C9D00186BCF /* DetailsBookViewController.swift */ = {isa = PBXFileReference; lastKnownFileType = sourcecode.swift; path = DetailsBookViewController.swift; sourceTree = "<group>"; };
		06AF3A2129E9A7E100186BCF /* DetailsBookViewControllerViewModel.swift */ = {isa = PBXFileReference; lastKnownFileType = sourcecode.swift; path = DetailsBookViewControllerViewModel.swift; sourceTree = "<group>"; };
/* End PBXFileReference section */

/* Begin PBXFrameworksBuildPhase section */
		06AF39EF29E8313800186BCF /* Frameworks */ = {
			isa = PBXFrameworksBuildPhase;
			buildActionMask = 2147483647;
			files = (
			);
			runOnlyForDeploymentPostprocessing = 0;
		};
/* End PBXFrameworksBuildPhase section */

/* Begin PBXGroup section */
		06AF39E929E8313800186BCF = {
			isa = PBXGroup;
			children = (
				06AF39F429E8313800186BCF /* LibraryTestTask */,
				06AF39F329E8313800186BCF /* Products */,
			);
			sourceTree = "<group>";
		};
		06AF39F329E8313800186BCF /* Products */ = {
			isa = PBXGroup;
			children = (
				06AF39F229E8313800186BCF /* LibraryTestTask.app */,
			);
			name = Products;
			sourceTree = "<group>";
		};
		06AF39F429E8313800186BCF /* LibraryTestTask */ = {
			isa = PBXGroup;
			children = (
				06AF3A1A29E99BF000186BCF /* Scenes */,
				06AF3A0929E8321400186BCF /* Model */,
				06AFD73329EAAF2C0004C783 /* Services */,
				06AFD73429EAAF6F0004C783 /* Resources */,
				06AFD73529EAAF870004C783 /* Supporting Files */,
			);
			path = LibraryTestTask;
			sourceTree = "<group>";
		};
		06AF3A0929E8321400186BCF /* Model */ = {
			isa = PBXGroup;
			children = (
				06AF3A0A29E8322500186BCF /* Library.swift */,
			);
			path = Model;
			sourceTree = "<group>";
		};
		06AF3A1A29E99BF000186BCF /* Scenes */ = {
			isa = PBXGroup;
			children = (
				06AF3A1B29E99BFF00186BCF /* Main */,
				06AF3A1E29E99C6800186BCF /* DetailsBook */,
			);
			path = Scenes;
			sourceTree = "<group>";
		};
		06AF3A1B29E99BFF00186BCF /* Main */ = {
			isa = PBXGroup;
			children = (
				06AF3A1C29E99C0F00186BCF /* LibraryCell */,
				06AF3A1229E9824B00186BCF /* MainViewController.swift */,
				06AF3A1829E9882700186BCF /* MainViewControllerViewModel.swift */,
			);
			path = Main;
			sourceTree = "<group>";
		};
		06AF3A1C29E99C0F00186BCF /* LibraryCell */ = {
			isa = PBXGroup;
			children = (
				06AF3A1D29E99C2600186BCF /* View */,
				06AF3A1429E9834A00186BCF /* LibraryCell.swift */,
				06AF3A1629E983EB00186BCF /* LibraryCellViewModel.swift */,
			);
			path = LibraryCell;
			sourceTree = "<group>";
		};
		06AF3A1D29E99C2600186BCF /* View */ = {
			isa = PBXGroup;
			children = (
				06AF3A1029E9684600186BCF /* CoverImageView.swift */,
			);
			path = View;
			sourceTree = "<group>";
		};
		06AF3A1E29E99C6800186BCF /* DetailsBook */ = {
			isa = PBXGroup;
			children = (
				06AF3A1F29E99C9D00186BCF /* DetailsBookViewController.swift */,
				06AF3A2129E9A7E100186BCF /* DetailsBookViewControllerViewModel.swift */,
			);
			path = DetailsBook;
			sourceTree = "<group>";
		};
		06AFD73329EAAF2C0004C783 /* Services */ = {
			isa = PBXGroup;
			children = (
				06AF3A0C29E8388200186BCF /* NetworkManager.swift */,
			);
			path = Services;
			sourceTree = "<group>";
		};
		06AFD73429EAAF6F0004C783 /* Resources */ = {
			isa = PBXGroup;
			children = (
				06AF39FE29E8313C00186BCF /* Assets.xcassets */,
				06AF3A0029E8313C00186BCF /* LaunchScreen.storyboard */,
			);
			path = Resources;
			sourceTree = "<group>";
		};
		06AFD73529EAAF870004C783 /* Supporting Files */ = {
			isa = PBXGroup;
			children = (
				06AF39F529E8313800186BCF /* AppDelegate.swift */,
				06AF39F729E8313800186BCF /* SceneDelegate.swift */,
				06AF3A0329E8313C00186BCF /* Info.plist */,
			);
			path = "Supporting Files";
			sourceTree = "<group>";
		};
/* End PBXGroup section */

/* Begin PBXNativeTarget section */
		06AF39F129E8313800186BCF /* LibraryTestTask */ = {
			isa = PBXNativeTarget;
			buildConfigurationList = 06AF3A0629E8313C00186BCF /* Build configuration list for PBXNativeTarget "LibraryTestTask" */;
			buildPhases = (
				06AF39EE29E8313800186BCF /* Sources */,
				06AF39EF29E8313800186BCF /* Frameworks */,
				06AF39F029E8313800186BCF /* Resources */,
			);
			buildRules = (
			);
			dependencies = (
			);
			name = LibraryTestTask;
			productName = LibraryTestTask;
			productReference = 06AF39F229E8313800186BCF /* LibraryTestTask.app */;
			productType = "com.apple.product-type.application";
		};
/* End PBXNativeTarget section */

/* Begin PBXProject section */
		06AF39EA29E8313800186BCF /* Project object */ = {
			isa = PBXProject;
			attributes = {
				BuildIndependentTargetsInParallel = 1;
				LastSwiftUpdateCheck = 1420;
				LastUpgradeCheck = 1420;
				TargetAttributes = {
					06AF39F129E8313800186BCF = {
						CreatedOnToolsVersion = 14.2;
					};
				};
			};
			buildConfigurationList = 06AF39ED29E8313800186BCF /* Build configuration list for PBXProject "LibraryTestTask" */;
			compatibilityVersion = "Xcode 14.0";
			developmentRegion = en;
			hasScannedForEncodings = 0;
			knownRegions = (
				en,
				Base,
			);
			mainGroup = 06AF39E929E8313800186BCF;
			productRefGroup = 06AF39F329E8313800186BCF /* Products */;
			projectDirPath = "";
			projectRoot = "";
			targets = (
				06AF39F129E8313800186BCF /* LibraryTestTask */,
			);
		};
/* End PBXProject section */

/* Begin PBXResourcesBuildPhase section */
		06AF39F029E8313800186BCF /* Resources */ = {
			isa = PBXResourcesBuildPhase;
			buildActionMask = 2147483647;
			files = (
				06AF3A0229E8313C00186BCF /* LaunchScreen.storyboard in Resources */,
				06AF39FF29E8313C00186BCF /* Assets.xcassets in Resources */,
			);
			runOnlyForDeploymentPostprocessing = 0;
		};
/* End PBXResourcesBuildPhase section */

/* Begin PBXSourcesBuildPhase section */
		06AF39EE29E8313800186BCF /* Sources */ = {
			isa = PBXSourcesBuildPhase;
			buildActionMask = 2147483647;
			files = (
				06AF3A1729E983EB00186BCF /* LibraryCellViewModel.swift in Sources */,
				06AF3A1929E9882700186BCF /* MainViewControllerViewModel.swift in Sources */,
				06AF3A0B29E8322500186BCF /* Library.swift in Sources */,
				06AF3A1529E9834A00186BCF /* LibraryCell.swift in Sources */,
				06AF3A1129E9684600186BCF /* CoverImageView.swift in Sources */,
				06AF3A0D29E8388200186BCF /* NetworkManager.swift in Sources */,
				06AF3A2229E9A7E100186BCF /* DetailsBookViewControllerViewModel.swift in Sources */,
				06AF3A2029E99C9D00186BCF /* DetailsBookViewController.swift in Sources */,
				06AF39F629E8313800186BCF /* AppDelegate.swift in Sources */,
				06AF39F829E8313800186BCF /* SceneDelegate.swift in Sources */,
				06AF3A1329E9824B00186BCF /* MainViewController.swift in Sources */,
			);
			runOnlyForDeploymentPostprocessing = 0;
		};
/* End PBXSourcesBuildPhase section */

/* Begin PBXVariantGroup section */
		06AF3A0029E8313C00186BCF /* LaunchScreen.storyboard */ = {
			isa = PBXVariantGroup;
			children = (
				06AF3A0129E8313C00186BCF /* Base */,
			);
			name = LaunchScreen.storyboard;
			sourceTree = "<group>";
		};
/* End PBXVariantGroup section */

/* Begin XCBuildConfiguration section */
		06AF3A0429E8313C00186BCF /* Debug */ = {
			isa = XCBuildConfiguration;
			buildSettings = {
				ALWAYS_SEARCH_USER_PATHS = NO;
				CLANG_ANALYZER_NONNULL = YES;
				CLANG_ANALYZER_NUMBER_OBJECT_CONVERSION = YES_AGGRESSIVE;
				CLANG_CXX_LANGUAGE_STANDARD = "gnu++20";
				CLANG_ENABLE_MODULES = YES;
				CLANG_ENABLE_OBJC_ARC = YES;
				CLANG_ENABLE_OBJC_WEAK = YES;
				CLANG_WARN_BLOCK_CAPTURE_AUTORELEASING = YES;
				CLANG_WARN_BOOL_CONVERSION = YES;
				CLANG_WARN_COMMA = YES;
				CLANG_WARN_CONSTANT_CONVERSION = YES;
				CLANG_WARN_DEPRECATED_OBJC_IMPLEMENTATIONS = YES;
				CLANG_WARN_DIRECT_OBJC_ISA_USAGE = YES_ERROR;
				CLANG_WARN_DOCUMENTATION_COMMENTS = YES;
				CLANG_WARN_EMPTY_BODY = YES;
				CLANG_WARN_ENUM_CONVERSION = YES;
				CLANG_WARN_INFINITE_RECURSION = YES;
				CLANG_WARN_INT_CONVERSION = YES;
				CLANG_WARN_NON_LITERAL_NULL_CONVERSION = YES;
				CLANG_WARN_OBJC_IMPLICIT_RETAIN_SELF = YES;
				CLANG_WARN_OBJC_LITERAL_CONVERSION = YES;
				CLANG_WARN_OBJC_ROOT_CLASS = YES_ERROR;
				CLANG_WARN_QUOTED_INCLUDE_IN_FRAMEWORK_HEADER = YES;
				CLANG_WARN_RANGE_LOOP_ANALYSIS = YES;
				CLANG_WARN_STRICT_PROTOTYPES = YES;
				CLANG_WARN_SUSPICIOUS_MOVE = YES;
				CLANG_WARN_UNGUARDED_AVAILABILITY = YES_AGGRESSIVE;
				CLANG_WARN_UNREACHABLE_CODE = YES;
				CLANG_WARN__DUPLICATE_METHOD_MATCH = YES;
				COPY_PHASE_STRIP = NO;
				DEBUG_INFORMATION_FORMAT = dwarf;
				ENABLE_STRICT_OBJC_MSGSEND = YES;
				ENABLE_TESTABILITY = YES;
				GCC_C_LANGUAGE_STANDARD = gnu11;
				GCC_DYNAMIC_NO_PIC = NO;
				GCC_NO_COMMON_BLOCKS = YES;
				GCC_OPTIMIZATION_LEVEL = 0;
				GCC_PREPROCESSOR_DEFINITIONS = (
					"DEBUG=1",
					"$(inherited)",
				);
				GCC_WARN_64_TO_32_BIT_CONVERSION = YES;
				GCC_WARN_ABOUT_RETURN_TYPE = YES_ERROR;
				GCC_WARN_UNDECLARED_SELECTOR = YES;
				GCC_WARN_UNINITIALIZED_AUTOS = YES_AGGRESSIVE;
				GCC_WARN_UNUSED_FUNCTION = YES;
				GCC_WARN_UNUSED_VARIABLE = YES;
				IPHONEOS_DEPLOYMENT_TARGET = 16.2;
				MTL_ENABLE_DEBUG_INFO = INCLUDE_SOURCE;
				MTL_FAST_MATH = YES;
				ONLY_ACTIVE_ARCH = YES;
				SDKROOT = iphoneos;
				SWIFT_ACTIVE_COMPILATION_CONDITIONS = DEBUG;
				SWIFT_OPTIMIZATION_LEVEL = "-Onone";
			};
			name = Debug;
		};
		06AF3A0529E8313C00186BCF /* Release */ = {
			isa = XCBuildConfiguration;
			buildSettings = {
				ALWAYS_SEARCH_USER_PATHS = NO;
				CLANG_ANALYZER_NONNULL = YES;
				CLANG_ANALYZER_NUMBER_OBJECT_CONVERSION = YES_AGGRESSIVE;
				CLANG_CXX_LANGUAGE_STANDARD = "gnu++20";
				CLANG_ENABLE_MODULES = YES;
				CLANG_ENABLE_OBJC_ARC = YES;
				CLANG_ENABLE_OBJC_WEAK = YES;
				CLANG_WARN_BLOCK_CAPTURE_AUTORELEASING = YES;
				CLANG_WARN_BOOL_CONVERSION = YES;
				CLANG_WARN_COMMA = YES;
				CLANG_WARN_CONSTANT_CONVERSION = YES;
				CLANG_WARN_DEPRECATED_OBJC_IMPLEMENTATIONS = YES;
				CLANG_WARN_DIRECT_OBJC_ISA_USAGE = YES_ERROR;
				CLANG_WARN_DOCUMENTATION_COMMENTS = YES;
				CLANG_WARN_EMPTY_BODY = YES;
				CLANG_WARN_ENUM_CONVERSION = YES;
				CLANG_WARN_INFINITE_RECURSION = YES;
				CLANG_WARN_INT_CONVERSION = YES;
				CLANG_WARN_NON_LITERAL_NULL_CONVERSION = YES;
				CLANG_WARN_OBJC_IMPLICIT_RETAIN_SELF = YES;
				CLANG_WARN_OBJC_LITERAL_CONVERSION = YES;
				CLANG_WARN_OBJC_ROOT_CLASS = YES_ERROR;
				CLANG_WARN_QUOTED_INCLUDE_IN_FRAMEWORK_HEADER = YES;
				CLANG_WARN_RANGE_LOOP_ANALYSIS = YES;
				CLANG_WARN_STRICT_PROTOTYPES = YES;
				CLANG_WARN_SUSPICIOUS_MOVE = YES;
				CLANG_WARN_UNGUARDED_AVAILABILITY = YES_AGGRESSIVE;
				CLANG_WARN_UNREACHABLE_CODE = YES;
				CLANG_WARN__DUPLICATE_METHOD_MATCH = YES;
				COPY_PHASE_STRIP = NO;
				DEBUG_INFORMATION_FORMAT = "dwarf-with-dsym";
				ENABLE_NS_ASSERTIONS = NO;
				ENABLE_STRICT_OBJC_MSGSEND = YES;
				GCC_C_LANGUAGE_STANDARD = gnu11;
				GCC_NO_COMMON_BLOCKS = YES;
				GCC_WARN_64_TO_32_BIT_CONVERSION = YES;
				GCC_WARN_ABOUT_RETURN_TYPE = YES_ERROR;
				GCC_WARN_UNDECLARED_SELECTOR = YES;
				GCC_WARN_UNINITIALIZED_AUTOS = YES_AGGRESSIVE;
				GCC_WARN_UNUSED_FUNCTION = YES;
				GCC_WARN_UNUSED_VARIABLE = YES;
				IPHONEOS_DEPLOYMENT_TARGET = 16.2;
				MTL_ENABLE_DEBUG_INFO = NO;
				MTL_FAST_MATH = YES;
				SDKROOT = iphoneos;
				SWIFT_COMPILATION_MODE = wholemodule;
				SWIFT_OPTIMIZATION_LEVEL = "-O";
				VALIDATE_PRODUCT = YES;
			};
			name = Release;
		};
		06AF3A0729E8313C00186BCF /* Debug */ = {
			isa = XCBuildConfiguration;
			buildSettings = {
				ASSETCATALOG_COMPILER_APPICON_NAME = AppIcon;
				ASSETCATALOG_COMPILER_GLOBAL_ACCENT_COLOR_NAME = AccentColor;
				CODE_SIGN_STYLE = Automatic;
				CURRENT_PROJECT_VERSION = 1;
				DEVELOPMENT_TEAM = T5K8V44L2C;
				GENERATE_INFOPLIST_FILE = YES;
				INFOPLIST_FILE = "LibraryTestTask/Supporting Files/Info.plist";
				INFOPLIST_KEY_UIApplicationSupportsIndirectInputEvents = YES;
				INFOPLIST_KEY_UILaunchStoryboardName = LaunchScreen;
				INFOPLIST_KEY_UISupportedInterfaceOrientations_iPad = "UIInterfaceOrientationPortrait UIInterfaceOrientationPortraitUpsideDown UIInterfaceOrientationLandscapeLeft UIInterfaceOrientationLandscapeRight";
				INFOPLIST_KEY_UISupportedInterfaceOrientations_iPhone = "UIInterfaceOrientationPortrait UIInterfaceOrientationLandscapeLeft UIInterfaceOrientationLandscapeRight";
				IPHONEOS_DEPLOYMENT_TARGET = 13.0;
				LD_RUNPATH_SEARCH_PATHS = (
					"$(inherited)",
					"@executable_path/Frameworks",
				);
				MARKETING_VERSION = 1.0;
				PRODUCT_BUNDLE_IDENTIFIER = ArtsiomSulzhenka.LibraryTestTask;
				PRODUCT_NAME = "$(TARGET_NAME)";
				SWIFT_EMIT_LOC_STRINGS = YES;
				SWIFT_VERSION = 5.0;
				TARGETED_DEVICE_FAMILY = "1,2";
			};
			name = Debug;
		};
		06AF3A0829E8313C00186BCF /* Release */ = {
			isa = XCBuildConfiguration;
			buildSettings = {
				ASSETCATALOG_COMPILER_APPICON_NAME = AppIcon;
				ASSETCATALOG_COMPILER_GLOBAL_ACCENT_COLOR_NAME = AccentColor;
				CODE_SIGN_STYLE = Automatic;
				CURRENT_PROJECT_VERSION = 1;
				DEVELOPMENT_TEAM = T5K8V44L2C;
				GENERATE_INFOPLIST_FILE = YES;
				INFOPLIST_FILE = "LibraryTestTask/Supporting Files/Info.plist";
				INFOPLIST_KEY_UIApplicationSupportsIndirectInputEvents = YES;
				INFOPLIST_KEY_UILaunchStoryboardName = LaunchScreen;
				INFOPLIST_KEY_UISupportedInterfaceOrientations_iPad = "UIInterfaceOrientationPortrait UIInterfaceOrientationPortraitUpsideDown UIInterfaceOrientationLandscapeLeft UIInterfaceOrientationLandscapeRight";
				INFOPLIST_KEY_UISupportedInterfaceOrientations_iPhone = "UIInterfaceOrientationPortrait UIInterfaceOrientationLandscapeLeft UIInterfaceOrientationLandscapeRight";
				IPHONEOS_DEPLOYMENT_TARGET = 13.0;
				LD_RUNPATH_SEARCH_PATHS = (
					"$(inherited)",
					"@executable_path/Frameworks",
				);
				MARKETING_VERSION = 1.0;
				PRODUCT_BUNDLE_IDENTIFIER = ArtsiomSulzhenka.LibraryTestTask;
				PRODUCT_NAME = "$(TARGET_NAME)";
				SWIFT_EMIT_LOC_STRINGS = YES;
				SWIFT_VERSION = 5.0;
				TARGETED_DEVICE_FAMILY = "1,2";
			};
			name = Release;
		};
/* End XCBuildConfiguration section */

/* Begin XCConfigurationList section */
		06AF39ED29E8313800186BCF /* Build configuration list for PBXProject "LibraryTestTask" */ = {
			isa = XCConfigurationList;
			buildConfigurations = (
				06AF3A0429E8313C00186BCF /* Debug */,
				06AF3A0529E8313C00186BCF /* Release */,
			);
			defaultConfigurationIsVisible = 0;
			defaultConfigurationName = Release;
		};
		06AF3A0629E8313C00186BCF /* Build configuration list for PBXNativeTarget "LibraryTestTask" */ = {
			isa = XCConfigurationList;
			buildConfigurations = (
				06AF3A0729E8313C00186BCF /* Debug */,
				06AF3A0829E8313C00186BCF /* Release */,
			);
			defaultConfigurationIsVisible = 0;
			defaultConfigurationName = Release;
		};
/* End XCConfigurationList section */
	};
	rootObject = 06AF39EA29E8313800186BCF /* Project object */;
}
